
Microsoft Visual Studio Solution File, Format Version 11.00
# Visual Studio 2010
Project("{FAE04EC0-301F-11D3-BF4B-00C04F79EFBC}") = "ResumeBuilder.Web", "Resume Builder\ResumeBuilder.Web.csproj", "{6379F05F-16ED-49C3-8BE3-BB03CBF6AA37}"
EndProject
Project("{FAE04EC0-301F-11D3-BF4B-00C04F79EFBC}") = "ResumeBuilder.Core", "ResumeBuilder.Core\ResumeBuilder.Core.csproj", "{50C9E9E5-7931-465A-B408-E03A153512CC}"
EndProject
Global
	GlobalSection(SolutionConfigurationPlatforms) = preSolution
		Debug|Any CPU = Debug|Any CPU
		Release|Any CPU = Release|Any CPU
	EndGlobalSection
	GlobalSection(ProjectConfigurationPlatforms) = postSolution
		{6379F05F-16ED-49C3-8BE3-BB03CBF6AA37}.Debug|Any CPU.ActiveCfg = Debug|Any CPU
		{6379F05F-16ED-49C3-8BE3-BB03CBF6AA37}.Debug|Any CPU.Build.0 = Debug|Any CPU
		{6379F05F-16ED-49C3-8BE3-BB03CBF6AA37}.Release|Any CPU.ActiveCfg = Release|Any CPU
		{6379F05F-16ED-49C3-8BE3-BB03CBF6AA37}.Release|Any CPU.Build.0 = Release|Any CPU
		{50C9E9E5-7931-465A-B408-E03A153512CC}.Debug|Any CPU.ActiveCfg = Debug|Any CPU
		{50C9E9E5-7931-465A-B408-E03A153512CC}.Debug|Any CPU.Build.0 = Debug|Any CPU
		{50C9E9E5-7931-465A-B408-E03A153512CC}.Release|Any CPU.ActiveCfg = Release|Any CPU
		{50C9E9E5-7931-465A-B408-E03A153512CC}.Release|Any CPU.Build.0 = Release|Any CPU
	EndGlobalSection
	GlobalSection(SolutionProperties) = preSolution
		HideSolutionNode = FALSE
	EndGlobalSection
EndGlobal
